
Microsoft Visual Studio Solution File, Format Version 12.00
Project("{FAE04EC0-301F-11D3-BF4B-00C04F79EFBC}") = "WpfAutomationPOC", "WpfAutomationPOC\WpfAutomationPOC.csproj", "{6830A1B6-59BB-4F7F-B901-DAAFA1E44D57}"
EndProject
Project("{FAE04EC0-301F-11D3-BF4B-00C04F79EFBC}") = "UiTests", "UiTests\UiTests.csproj", "{0690FB55-6733-4F4D-B1EA-5E110CB20B7E}"
EndProject
Global
	GlobalSection(SolutionConfigurationPlatforms) = preSolution
		Debug|Any CPU = Debug|Any CPU
		Release|Any CPU = Release|Any CPU
	EndGlobalSection
	GlobalSection(ProjectConfigurationPlatforms) = postSolution
		{6830A1B6-59BB-4F7F-B901-DAAFA1E44D57}.Debug|Any CPU.ActiveCfg = Debug|Any CPU
		{6830A1B6-59BB-4F7F-B901-DAAFA1E44D57}.Debug|Any CPU.Build.0 = Debug|Any CPU
		{6830A1B6-59BB-4F7F-B901-DAAFA1E44D57}.Release|Any CPU.ActiveCfg = Release|Any CPU
		{6830A1B6-59BB-4F7F-B901-DAAFA1E44D57}.Release|Any CPU.Build.0 = Release|Any CPU
		{0690FB55-6733-4F4D-B1EA-5E110CB20B7E}.Debug|Any CPU.ActiveCfg = Debug|Any CPU
		{0690FB55-6733-4F4D-B1EA-5E110CB20B7E}.Debug|Any CPU.Build.0 = Debug|Any CPU
		{0690FB55-6733-4F4D-B1EA-5E110CB20B7E}.Release|Any CPU.ActiveCfg = Release|Any CPU
		{0690FB55-6733-4F4D-B1EA-5E110CB20B7E}.Release|Any CPU.Build.0 = Release|Any CPU
	EndGlobalSection
EndGlobal
